// !$*UTF8*$!
{
	archiveVersion = 1;
	classes = {
	};
	objectVersion = 56;
	objects = {

/* Begin PBXBuildFile section */
		6464D1D92D2E2C5600BA68B5 /* FastingAppApp.swift in Sources */ = {isa = PBXBuildFile; fileRef = 6464D1D82D2E2C5600BA68B5 /* FastingAppApp.swift */; };
		6464D1DB2D2E2C5600BA68B5 /* ContentView.swift in Sources */ = {isa = PBXBuildFile; fileRef = 6464D1DA2D2E2C5600BA68B5 /* ContentView.swift */; };
		6464D1DD2D2E2C5800BA68B5 /* Assets.xcassets in Resources */ = {isa = PBXBuildFile; fileRef = 6464D1DC2D2E2C5800BA68B5 /* Assets.xcassets */; };
		6464D1E02D2E2C5800BA68B5 /* Preview Assets.xcassets in Resources */ = {isa = PBXBuildFile; fileRef = 6464D1DF2D2E2C5800BA68B5 /* Preview Assets.xcassets */; };
		6464D1EA2D2E2C5800BA68B5 /* FastingAppTests.swift in Sources */ = {isa = PBXBuildFile; fileRef = 6464D1E92D2E2C5800BA68B5 /* FastingAppTests.swift */; };
		6464D1F42D2E2C5800BA68B5 /* FastingAppUITests.swift in Sources */ = {isa = PBXBuildFile; fileRef = 6464D1F32D2E2C5800BA68B5 /* FastingAppUITests.swift */; };
		6464D1F62D2E2C5800BA68B5 /* FastingAppUITestsLaunchTests.swift in Sources */ = {isa = PBXBuildFile; fileRef = 6464D1F52D2E2C5800BA68B5 /* FastingAppUITestsLaunchTests.swift */; };
		6464D2032D2E2CAB00BA68B5 /* AddRecipeView.swift in Sources */ = {isa = PBXBuildFile; fileRef = 6464D2022D2E2CAB00BA68B5 /* AddRecipeView.swift */; };
		6464D2052D2E2CD500BA68B5 /* BackgroundView.swift in Sources */ = {isa = PBXBuildFile; fileRef = 6464D2042D2E2CD500BA68B5 /* BackgroundView.swift */; };
		6464D2072D2E2CFF00BA68B5 /* CategoriesView.swift in Sources */ = {isa = PBXBuildFile; fileRef = 6464D2062D2E2CFF00BA68B5 /* CategoriesView.swift */; };
		6464D2092D2E2D2900BA68B5 /* CategoryView.swift in Sources */ = {isa = PBXBuildFile; fileRef = 6464D2082D2E2D2900BA68B5 /* CategoryView.swift */; };
		6464D20B2D2E2D5400BA68B5 /* CircleBackground.swift in Sources */ = {isa = PBXBuildFile; fileRef = 6464D20A2D2E2D5400BA68B5 /* CircleBackground.swift */; };
		6464D20D2D2E2D8F00BA68B5 /* CustomTabView.swift in Sources */ = {isa = PBXBuildFile; fileRef = 6464D20C2D2E2D8F00BA68B5 /* CustomTabView.swift */; };
		6464D20F2D2E2DB400BA68B5 /* FastingHistoryView.swift in Sources */ = {isa = PBXBuildFile; fileRef = 6464D20E2D2E2DB400BA68B5 /* FastingHistoryView.swift */; };
		6464D2112D2E2DD700BA68B5 /* Fasting Manager.swift in Sources */ = {isa = PBXBuildFile; fileRef = 6464D2102D2E2DD700BA68B5 /* Fasting Manager.swift */; };
		6464D2132D2E2E0600BA68B5 /* FastingView.swift in Sources */ = {isa = PBXBuildFile; fileRef = 6464D2122D2E2E0600BA68B5 /* FastingView.swift */; };
		6464D2152D2E2E2E00BA68B5 /* HomeView.swift in Sources */ = {isa = PBXBuildFile; fileRef = 6464D2142D2E2E2E00BA68B5 /* HomeView.swift */; };
		6464D2172D2E2EB800BA68B5 /* NewRecipeView.swift in Sources */ = {isa = PBXBuildFile; fileRef = 6464D2162D2E2EB800BA68B5 /* NewRecipeView.swift */; };
		6464D2192D2E2ECF00BA68B5 /* ProgressRing.swift in Sources */ = {isa = PBXBuildFile; fileRef = 6464D2182D2E2ECF00BA68B5 /* ProgressRing.swift */; };
		6464D21B2D2E2EF500BA68B5 /* RecipeCard.swift in Sources */ = {isa = PBXBuildFile; fileRef = 6464D21A2D2E2EF500BA68B5 /* RecipeCard.swift */; };
		6464D21D2D2E2F1C00BA68B5 /* RecipeDetail.swift in Sources */ = {isa = PBXBuildFile; fileRef = 6464D21C2D2E2F1C00BA68B5 /* RecipeDetail.swift */; };
		6464D21F2D2E2F4000BA68B5 /* RecipeList.swift in Sources */ = {isa = PBXBuildFile; fileRef = 6464D21E2D2E2F4000BA68B5 /* RecipeList.swift */; };
		6464D2212D2E2F7200BA68B5 /* RecipeView.swift in Sources */ = {isa = PBXBuildFile; fileRef = 6464D2202D2E2F7200BA68B5 /* RecipeView.swift */; };
		6464D2232D2E2FA100BA68B5 /* VCard.swift in Sources */ = {isa = PBXBuildFile; fileRef = 6464D2222D2E2FA100BA68B5 /* VCard.swift */; };
		6464D2252D2E300400BA68B5 /* FoodFact.swift in Sources */ = {isa = PBXBuildFile; fileRef = 6464D2242D2E300400BA68B5 /* FoodFact.swift */; };
		6464D2272D2E302E00BA68B5 /* RecipeModel.swift in Sources */ = {isa = PBXBuildFile; fileRef = 6464D2262D2E302E00BA68B5 /* RecipeModel.swift */; };
		6464D2292D2E304300BA68B5 /* RecipeViewModel.swift in Sources */ = {isa = PBXBuildFile; fileRef = 6464D2282D2E304300BA68B5 /* RecipeViewModel.swift */; };
		6464D22E2D2E30C200BA68B5 /* CustomButton.swift in Sources */ = {isa = PBXBuildFile; fileRef = 6464D22D2D2E30C200BA68B5 /* CustomButton.swift */; };
		6464D2302D2E30E300BA68B5 /* CustomFont.swift in Sources */ = {isa = PBXBuildFile; fileRef = 6464D22F2D2E30E300BA68B5 /* CustomFont.swift */; };
		6464D2322D2E311600BA68B5 /* CustomTextField.swift in Sources */ = {isa = PBXBuildFile; fileRef = 6464D2312D2E311600BA68B5 /* CustomTextField.swift */; };
		6464D2342D2E313100BA68B5 /* Extensions.swift in Sources */ = {isa = PBXBuildFile; fileRef = 6464D2332D2E313100BA68B5 /* Extensions.swift */; };
/* End PBXBuildFile section */

/* Begin PBXContainerItemProxy section */
		6464D1E62D2E2C5800BA68B5 /* PBXContainerItemProxy */ = {
			isa = PBXContainerItemProxy;
			containerPortal = 6464D1CD2D2E2C5600BA68B5 /* Project object */;
			proxyType = 1;
			remoteGlobalIDString = 6464D1D42D2E2C5600BA68B5;
			remoteInfo = FastingApp;
		};
		6464D1F02D2E2C5800BA68B5 /* PBXContainerItemProxy */ = {
			isa = PBXContainerItemProxy;
			containerPortal = 6464D1CD2D2E2C5600BA68B5 /* Project object */;
			proxyType = 1;
			remoteGlobalIDString = 6464D1D42D2E2C5600BA68B5;
			remoteInfo = FastingApp;
		};
/* End PBXContainerItemProxy section */

/* Begin PBXFileReference section */
		6464D1D52D2E2C5600BA68B5 /* FastingApp.app */ = {isa = PBXFileReference; explicitFileType = wrapper.application; includeInIndex = 0; path = FastingApp.app; sourceTree = BUILT_PRODUCTS_DIR; };
		6464D1D82D2E2C5600BA68B5 /* FastingAppApp.swift */ = {isa = PBXFileReference; lastKnownFileType = sourcecode.swift; path = FastingAppApp.swift; sourceTree = "<group>"; };
		6464D1DA2D2E2C5600BA68B5 /* ContentView.swift */ = {isa = PBXFileReference; lastKnownFileType = sourcecode.swift; path = ContentView.swift; sourceTree = "<group>"; };
		6464D1DC2D2E2C5800BA68B5 /* Assets.xcassets */ = {isa = PBXFileReference; lastKnownFileType = folder.assetcatalog; path = Assets.xcassets; sourceTree = "<group>"; };
		6464D1DF2D2E2C5800BA68B5 /* Preview Assets.xcassets */ = {isa = PBXFileReference; lastKnownFileType = folder.assetcatalog; path = "Preview Assets.xcassets"; sourceTree = "<group>"; };
		6464D1E52D2E2C5800BA68B5 /* FastingAppTests.xctest */ = {isa = PBXFileReference; explicitFileType = wrapper.cfbundle; includeInIndex = 0; path = FastingAppTests.xctest; sourceTree = BUILT_PRODUCTS_DIR; };
		6464D1E92D2E2C5800BA68B5 /* FastingAppTests.swift */ = {isa = PBXFileReference; lastKnownFileType = sourcecode.swift; path = FastingAppTests.swift; sourceTree = "<group>"; };
		6464D1EF2D2E2C5800BA68B5 /* FastingAppUITests.xctest */ = {isa = PBXFileReference; explicitFileType = wrapper.cfbundle; includeInIndex = 0; path = FastingAppUITests.xctest; sourceTree = BUILT_PRODUCTS_DIR; };
		6464D1F32D2E2C5800BA68B5 /* FastingAppUITests.swift */ = {isa = PBXFileReference; lastKnownFileType = sourcecode.swift; path = FastingAppUITests.swift; sourceTree = "<group>"; };
		6464D1F52D2E2C5800BA68B5 /* FastingAppUITestsLaunchTests.swift */ = {isa = PBXFileReference; lastKnownFileType = sourcecode.swift; path = FastingAppUITestsLaunchTests.swift; sourceTree = "<group>"; };
		6464D2022D2E2CAB00BA68B5 /* AddRecipeView.swift */ = {isa = PBXFileReference; lastKnownFileType = sourcecode.swift; path = AddRecipeView.swift; sourceTree = "<group>"; };
		6464D2042D2E2CD500BA68B5 /* BackgroundView.swift */ = {isa = PBXFileReference; lastKnownFileType = sourcecode.swift; path = BackgroundView.swift; sourceTree = "<group>"; };
		6464D2062D2E2CFF00BA68B5 /* CategoriesView.swift */ = {isa = PBXFileReference; lastKnownFileType = sourcecode.swift; path = CategoriesView.swift; sourceTree = "<group>"; };
		6464D2082D2E2D2900BA68B5 /* CategoryView.swift */ = {isa = PBXFileReference; lastKnownFileType = sourcecode.swift; path = CategoryView.swift; sourceTree = "<group>"; };
		6464D20A2D2E2D5400BA68B5 /* CircleBackground.swift */ = {isa = PBXFileReference; lastKnownFileType = sourcecode.swift; path = CircleBackground.swift; sourceTree = "<group>"; };
		6464D20C2D2E2D8F00BA68B5 /* CustomTabView.swift */ = {isa = PBXFileReference; lastKnownFileType = sourcecode.swift; path = CustomTabView.swift; sourceTree = "<group>"; };
		6464D20E2D2E2DB400BA68B5 /* FastingHistoryView.swift */ = {isa = PBXFileReference; lastKnownFileType = sourcecode.swift; path = FastingHistoryView.swift; sourceTree = "<group>"; };
		6464D2102D2E2DD700BA68B5 /* Fasting Manager.swift */ = {isa = PBXFileReference; lastKnownFileType = sourcecode.swift; path = "Fasting Manager.swift"; sourceTree = "<group>"; };
		6464D2122D2E2E0600BA68B5 /* FastingView.swift */ = {isa = PBXFileReference; lastKnownFileType = sourcecode.swift; path = FastingView.swift; sourceTree = "<group>"; };
		6464D2142D2E2E2E00BA68B5 /* HomeView.swift */ = {isa = PBXFileReference; lastKnownFileType = sourcecode.swift; path = HomeView.swift; sourceTree = "<group>"; };
		6464D2162D2E2EB800BA68B5 /* NewRecipeView.swift */ = {isa = PBXFileReference; lastKnownFileType = sourcecode.swift; path = NewRecipeView.swift; sourceTree = "<group>"; };
		6464D2182D2E2ECF00BA68B5 /* ProgressRing.swift */ = {isa = PBXFileReference; lastKnownFileType = sourcecode.swift; path = ProgressRing.swift; sourceTree = "<group>"; };
		6464D21A2D2E2EF500BA68B5 /* RecipeCard.swift */ = {isa = PBXFileReference; lastKnownFileType = sourcecode.swift; path = RecipeCard.swift; sourceTree = "<group>"; };
		6464D21C2D2E2F1C00BA68B5 /* RecipeDetail.swift */ = {isa = PBXFileReference; lastKnownFileType = sourcecode.swift; path = RecipeDetail.swift; sourceTree = "<group>"; };
		6464D21E2D2E2F4000BA68B5 /* RecipeList.swift */ = {isa = PBXFileReference; lastKnownFileType = sourcecode.swift; path = RecipeList.swift; sourceTree = "<group>"; };
		6464D2202D2E2F7200BA68B5 /* RecipeView.swift */ = {isa = PBXFileReference; lastKnownFileType = sourcecode.swift; path = RecipeView.swift; sourceTree = "<group>"; };
		6464D2222D2E2FA100BA68B5 /* VCard.swift */ = {isa = PBXFileReference; lastKnownFileType = sourcecode.swift; path = VCard.swift; sourceTree = "<group>"; };
		6464D2242D2E300400BA68B5 /* FoodFact.swift */ = {isa = PBXFileReference; lastKnownFileType = sourcecode.swift; path = FoodFact.swift; sourceTree = "<group>"; };
		6464D2262D2E302E00BA68B5 /* RecipeModel.swift */ = {isa = PBXFileReference; lastKnownFileType = sourcecode.swift; path = RecipeModel.swift; sourceTree = "<group>"; };
		6464D2282D2E304300BA68B5 /* RecipeViewModel.swift */ = {isa = PBXFileReference; lastKnownFileType = sourcecode.swift; path = RecipeViewModel.swift; sourceTree = "<group>"; };
		6464D22A2D2E308B00BA68B5 /* Poppins-Bold.ttf */ = {isa = PBXFileReference; lastKnownFileType = file; path = "Poppins-Bold.ttf"; sourceTree = "<group>"; };
		6464D22B2D2E308B00BA68B5 /* Inter-Regular.ttf */ = {isa = PBXFileReference; lastKnownFileType = file; path = "Inter-Regular.ttf"; sourceTree = "<group>"; };
		6464D22C2D2E308B00BA68B5 /* Inter-SemiBold.ttf */ = {isa = PBXFileReference; lastKnownFileType = file; path = "Inter-SemiBold.ttf"; sourceTree = "<group>"; };
		6464D22D2D2E30C200BA68B5 /* CustomButton.swift */ = {isa = PBXFileReference; lastKnownFileType = sourcecode.swift; path = CustomButton.swift; sourceTree = "<group>"; };
		6464D22F2D2E30E300BA68B5 /* CustomFont.swift */ = {isa = PBXFileReference; lastKnownFileType = sourcecode.swift; path = CustomFont.swift; sourceTree = "<group>"; };
		6464D2312D2E311600BA68B5 /* CustomTextField.swift */ = {isa = PBXFileReference; lastKnownFileType = sourcecode.swift; path = CustomTextField.swift; sourceTree = "<group>"; };
		6464D2332D2E313100BA68B5 /* Extensions.swift */ = {isa = PBXFileReference; lastKnownFileType = sourcecode.swift; path = Extensions.swift; sourceTree = "<group>"; };
/* End PBXFileReference section */

/* Begin PBXFrameworksBuildPhase section */
		6464D1D22D2E2C5600BA68B5 /* Frameworks */ = {
			isa = PBXFrameworksBuildPhase;
			buildActionMask = 2147483647;
			files = (
			);
			runOnlyForDeploymentPostprocessing = 0;
		};
		6464D1E22D2E2C5800BA68B5 /* Frameworks */ = {
			isa = PBXFrameworksBuildPhase;
			buildActionMask = 2147483647;
			files = (
			);
			runOnlyForDeploymentPostprocessing = 0;
		};
		6464D1EC2D2E2C5800BA68B5 /* Frameworks */ = {
			isa = PBXFrameworksBuildPhase;
			buildActionMask = 2147483647;
			files = (
			);
			runOnlyForDeploymentPostprocessing = 0;
		};
/* End PBXFrameworksBuildPhase section */

/* Begin PBXGroup section */
		6464D1CC2D2E2C5600BA68B5 = {
			isa = PBXGroup;
			children = (
				6464D1D72D2E2C5600BA68B5 /* FastingApp */,
				6464D1E82D2E2C5800BA68B5 /* FastingAppTests */,
				6464D1F22D2E2C5800BA68B5 /* FastingAppUITests */,
				6464D1D62D2E2C5600BA68B5 /* Products */,
			);
			sourceTree = "<group>";
		};
		6464D1D62D2E2C5600BA68B5 /* Products */ = {
			isa = PBXGroup;
			children = (
				6464D1D52D2E2C5600BA68B5 /* FastingApp.app */,
				6464D1E52D2E2C5800BA68B5 /* FastingAppTests.xctest */,
				6464D1EF2D2E2C5800BA68B5 /* FastingAppUITests.xctest */,
			);
			name = Products;
			sourceTree = "<group>";
		};
		6464D1D72D2E2C5600BA68B5 /* FastingApp */ = {
			isa = PBXGroup;
			children = (
				6464D22B2D2E308B00BA68B5 /* Inter-Regular.ttf */,
				6464D22C2D2E308B00BA68B5 /* Inter-SemiBold.ttf */,
				6464D22A2D2E308B00BA68B5 /* Poppins-Bold.ttf */,
				6464D1D82D2E2C5600BA68B5 /* FastingAppApp.swift */,
				6464D1DA2D2E2C5600BA68B5 /* ContentView.swift */,
				6464D2022D2E2CAB00BA68B5 /* AddRecipeView.swift */,
				6464D2042D2E2CD500BA68B5 /* BackgroundView.swift */,
				6464D2062D2E2CFF00BA68B5 /* CategoriesView.swift */,
				6464D2082D2E2D2900BA68B5 /* CategoryView.swift */,
				6464D20A2D2E2D5400BA68B5 /* CircleBackground.swift */,
				6464D20C2D2E2D8F00BA68B5 /* CustomTabView.swift */,
				6464D20E2D2E2DB400BA68B5 /* FastingHistoryView.swift */,
				6464D2102D2E2DD700BA68B5 /* Fasting Manager.swift */,
				6464D2122D2E2E0600BA68B5 /* FastingView.swift */,
				6464D2142D2E2E2E00BA68B5 /* HomeView.swift */,
				6464D2162D2E2EB800BA68B5 /* NewRecipeView.swift */,
				6464D2182D2E2ECF00BA68B5 /* ProgressRing.swift */,
				6464D21A2D2E2EF500BA68B5 /* RecipeCard.swift */,
				6464D21C2D2E2F1C00BA68B5 /* RecipeDetail.swift */,
				6464D21E2D2E2F4000BA68B5 /* RecipeList.swift */,
				6464D2202D2E2F7200BA68B5 /* RecipeView.swift */,
				6464D2222D2E2FA100BA68B5 /* VCard.swift */,
				6464D2242D2E300400BA68B5 /* FoodFact.swift */,
				6464D2262D2E302E00BA68B5 /* RecipeModel.swift */,
				6464D2282D2E304300BA68B5 /* RecipeViewModel.swift */,
				6464D22D2D2E30C200BA68B5 /* CustomButton.swift */,
				6464D22F2D2E30E300BA68B5 /* CustomFont.swift */,
				6464D2312D2E311600BA68B5 /* CustomTextField.swift */,
				6464D2332D2E313100BA68B5 /* Extensions.swift */,
				6464D1DC2D2E2C5800BA68B5 /* Assets.xcassets */,
				6464D1DE2D2E2C5800BA68B5 /* Preview Content */,
			);
			path = FastingApp;
			sourceTree = "<group>";
		};
		6464D1DE2D2E2C5800BA68B5 /* Preview Content */ = {
			isa = PBXGroup;
			children = (
				6464D1DF2D2E2C5800BA68B5 /* Preview Assets.xcassets */,
			);
			path = "Preview Content";
			sourceTree = "<group>";
		};
		6464D1E82D2E2C5800BA68B5 /* FastingAppTests */ = {
			isa = PBXGroup;
			children = (
				6464D1E92D2E2C5800BA68B5 /* FastingAppTests.swift */,
			);
			path = FastingAppTests;
			sourceTree = "<group>";
		};
		6464D1F22D2E2C5800BA68B5 /* FastingAppUITests */ = {
			isa = PBXGroup;
			children = (
				6464D1F32D2E2C5800BA68B5 /* FastingAppUITests.swift */,
				6464D1F52D2E2C5800BA68B5 /* FastingAppUITestsLaunchTests.swift */,
			);
			path = FastingAppUITests;
			sourceTree = "<group>";
		};
/* End PBXGroup section */

/* Begin PBXNativeTarget section */
		6464D1D42D2E2C5600BA68B5 /* FastingApp */ = {
			isa = PBXNativeTarget;
			buildConfigurationList = 6464D1F92D2E2C5800BA68B5 /* Build configuration list for PBXNativeTarget "FastingApp" */;
			buildPhases = (
				6464D1D12D2E2C5600BA68B5 /* Sources */,
				6464D1D22D2E2C5600BA68B5 /* Frameworks */,
				6464D1D32D2E2C5600BA68B5 /* Resources */,
			);
			buildRules = (
			);
			dependencies = (
			);
			name = FastingApp;
			productName = FastingApp;
			productReference = 6464D1D52D2E2C5600BA68B5 /* FastingApp.app */;
			productType = "com.apple.product-type.application";
		};
		6464D1E42D2E2C5800BA68B5 /* FastingAppTests */ = {
			isa = PBXNativeTarget;
			buildConfigurationList = 6464D1FC2D2E2C5800BA68B5 /* Build configuration list for PBXNativeTarget "FastingAppTests" */;
			buildPhases = (
				6464D1E12D2E2C5800BA68B5 /* Sources */,
				6464D1E22D2E2C5800BA68B5 /* Frameworks */,
				6464D1E32D2E2C5800BA68B5 /* Resources */,
			);
			buildRules = (
			);
			dependencies = (
				6464D1E72D2E2C5800BA68B5 /* PBXTargetDependency */,
			);
			name = FastingAppTests;
			productName = FastingAppTests;
			productReference = 6464D1E52D2E2C5800BA68B5 /* FastingAppTests.xctest */;
			productType = "com.apple.product-type.bundle.unit-test";
		};
		6464D1EE2D2E2C5800BA68B5 /* FastingAppUITests */ = {
			isa = PBXNativeTarget;
			buildConfigurationList = 6464D1FF2D2E2C5800BA68B5 /* Build configuration list for PBXNativeTarget "FastingAppUITests" */;
			buildPhases = (
				6464D1EB2D2E2C5800BA68B5 /* Sources */,
				6464D1EC2D2E2C5800BA68B5 /* Frameworks */,
				6464D1ED2D2E2C5800BA68B5 /* Resources */,
			);
			buildRules = (
			);
			dependencies = (
				6464D1F12D2E2C5800BA68B5 /* PBXTargetDependency */,
			);
			name = FastingAppUITests;
			productName = FastingAppUITests;
			productReference = 6464D1EF2D2E2C5800BA68B5 /* FastingAppUITests.xctest */;
			productType = "com.apple.product-type.bundle.ui-testing";
		};
/* End PBXNativeTarget section */

/* Begin PBXProject section */
		6464D1CD2D2E2C5600BA68B5 /* Project object */ = {
			isa = PBXProject;
			attributes = {
				BuildIndependentTargetsInParallel = 1;
				LastSwiftUpdateCheck = 1540;
				LastUpgradeCheck = 1540;
				TargetAttributes = {
					6464D1D42D2E2C5600BA68B5 = {
						CreatedOnToolsVersion = 15.4;
					};
					6464D1E42D2E2C5800BA68B5 = {
						CreatedOnToolsVersion = 15.4;
						TestTargetID = 6464D1D42D2E2C5600BA68B5;
					};
					6464D1EE2D2E2C5800BA68B5 = {
						CreatedOnToolsVersion = 15.4;
						TestTargetID = 6464D1D42D2E2C5600BA68B5;
					};
				};
			};
			buildConfigurationList = 6464D1D02D2E2C5600BA68B5 /* Build configuration list for PBXProject "FastingApp" */;
			compatibilityVersion = "Xcode 14.0";
			developmentRegion = en;
			hasScannedForEncodings = 0;
			knownRegions = (
				en,
				Base,
			);
			mainGroup = 6464D1CC2D2E2C5600BA68B5;
			productRefGroup = 6464D1D62D2E2C5600BA68B5 /* Products */;
			projectDirPath = "";
			projectRoot = "";
			targets = (
				6464D1D42D2E2C5600BA68B5 /* FastingApp */,
				6464D1E42D2E2C5800BA68B5 /* FastingAppTests */,
				6464D1EE2D2E2C5800BA68B5 /* FastingAppUITests */,
			);
		};
/* End PBXProject section */

/* Begin PBXResourcesBuildPhase section */
		6464D1D32D2E2C5600BA68B5 /* Resources */ = {
			isa = PBXResourcesBuildPhase;
			buildActionMask = 2147483647;
			files = (
				6464D1E02D2E2C5800BA68B5 /* Preview Assets.xcassets in Resources */,
				6464D1DD2D2E2C5800BA68B5 /* Assets.xcassets in Resources */,
			);
			runOnlyForDeploymentPostprocessing = 0;
		};
		6464D1E32D2E2C5800BA68B5 /* Resources */ = {
			isa = PBXResourcesBuildPhase;
			buildActionMask = 2147483647;
			files = (
			);
			runOnlyForDeploymentPostprocessing = 0;
		};
		6464D1ED2D2E2C5800BA68B5 /* Resources */ = {
			isa = PBXResourcesBuildPhase;
			buildActionMask = 2147483647;
			files = (
			);
			runOnlyForDeploymentPostprocessing = 0;
		};
/* End PBXResourcesBuildPhase section */

/* Begin PBXSourcesBuildPhase section */
		6464D1D12D2E2C5600BA68B5 /* Sources */ = {
			isa = PBXSourcesBuildPhase;
			buildActionMask = 2147483647;
			files = (
				6464D2232D2E2FA100BA68B5 /* VCard.swift in Sources */,
				6464D2212D2E2F7200BA68B5 /* RecipeView.swift in Sources */,
				6464D1DB2D2E2C5600BA68B5 /* ContentView.swift in Sources */,
				6464D2132D2E2E0600BA68B5 /* FastingView.swift in Sources */,
				6464D1D92D2E2C5600BA68B5 /* FastingAppApp.swift in Sources */,
				6464D2092D2E2D2900BA68B5 /* CategoryView.swift in Sources */,
				6464D2192D2E2ECF00BA68B5 /* ProgressRing.swift in Sources */,
				6464D20D2D2E2D8F00BA68B5 /* CustomTabView.swift in Sources */,
				6464D2052D2E2CD500BA68B5 /* BackgroundView.swift in Sources */,
				6464D2322D2E311600BA68B5 /* CustomTextField.swift in Sources */,
				6464D2172D2E2EB800BA68B5 /* NewRecipeView.swift in Sources */,
				6464D21D2D2E2F1C00BA68B5 /* RecipeDetail.swift in Sources */,
				6464D2072D2E2CFF00BA68B5 /* CategoriesView.swift in Sources */,
				6464D20B2D2E2D5400BA68B5 /* CircleBackground.swift in Sources */,
				6464D2112D2E2DD700BA68B5 /* Fasting Manager.swift in Sources */,
				6464D2272D2E302E00BA68B5 /* RecipeModel.swift in Sources */,
				6464D21B2D2E2EF500BA68B5 /* RecipeCard.swift in Sources */,
				6464D21F2D2E2F4000BA68B5 /* RecipeList.swift in Sources */,
				6464D22E2D2E30C200BA68B5 /* CustomButton.swift in Sources */,
				6464D2152D2E2E2E00BA68B5 /* HomeView.swift in Sources */,
				6464D2292D2E304300BA68B5 /* RecipeViewModel.swift in Sources */,
				6464D2342D2E313100BA68B5 /* Extensions.swift in Sources */,
				6464D2032D2E2CAB00BA68B5 /* AddRecipeView.swift in Sources */,
				6464D2302D2E30E300BA68B5 /* CustomFont.swift in Sources */,
				6464D20F2D2E2DB400BA68B5 /* FastingHistoryView.swift in Sources */,
				6464D2252D2E300400BA68B5 /* FoodFact.swift in Sources */,
			);
			runOnlyForDeploymentPostprocessing = 0;
		};
		6464D1E12D2E2C5800BA68B5 /* Sources */ = {
			isa = PBXSourcesBuildPhase;
			buildActionMask = 2147483647;
			files = (
				6464D1EA2D2E2C5800BA68B5 /* FastingAppTests.swift in Sources */,
			);
			runOnlyForDeploymentPostprocessing = 0;
		};
		6464D1EB2D2E2C5800BA68B5 /* Sources */ = {
			isa = PBXSourcesBuildPhase;
			buildActionMask = 2147483647;
			files = (
				6464D1F42D2E2C5800BA68B5 /* FastingAppUITests.swift in Sources */,
				6464D1F62D2E2C5800BA68B5 /* FastingAppUITestsLaunchTests.swift in Sources */,
			);
			runOnlyForDeploymentPostprocessing = 0;
		};
/* End PBXSourcesBuildPhase section */

/* Begin PBXTargetDependency section */
		6464D1E72D2E2C5800BA68B5 /* PBXTargetDependency */ = {
			isa = PBXTargetDependency;
			target = 6464D1D42D2E2C5600BA68B5 /* FastingApp */;
			targetProxy = 6464D1E62D2E2C5800BA68B5 /* PBXContainerItemProxy */;
		};
		6464D1F12D2E2C5800BA68B5 /* PBXTargetDependency */ = {
			isa = PBXTargetDependency;
			target = 6464D1D42D2E2C5600BA68B5 /* FastingApp */;
			targetProxy = 6464D1F02D2E2C5800BA68B5 /* PBXContainerItemProxy */;
		};
/* End PBXTargetDependency section */

/* Begin XCBuildConfiguration section */
		6464D1F72D2E2C5800BA68B5 /* Debug */ = {
			isa = XCBuildConfiguration;
			buildSettings = {
				ALWAYS_SEARCH_USER_PATHS = NO;
				ASSETCATALOG_COMPILER_GENERATE_SWIFT_ASSET_SYMBOL_EXTENSIONS = YES;
				CLANG_ANALYZER_NONNULL = YES;
				CLANG_ANALYZER_NUMBER_OBJECT_CONVERSION = YES_AGGRESSIVE;
				CLANG_CXX_LANGUAGE_STANDARD = "gnu++20";
				CLANG_ENABLE_MODULES = YES;
				CLANG_ENABLE_OBJC_ARC = YES;
				CLANG_ENABLE_OBJC_WEAK = YES;
				CLANG_WARN_BLOCK_CAPTURE_AUTORELEASING = YES;
				CLANG_WARN_BOOL_CONVERSION = YES;
				CLANG_WARN_COMMA = YES;
				CLANG_WARN_CONSTANT_CONVERSION = YES;
				CLANG_WARN_DEPRECATED_OBJC_IMPLEMENTATIONS = YES;
				CLANG_WARN_DIRECT_OBJC_ISA_USAGE = YES_ERROR;
				CLANG_WARN_DOCUMENTATION_COMMENTS = YES;
				CLANG_WARN_EMPTY_BODY = YES;
				CLANG_WARN_ENUM_CONVERSION = YES;
				CLANG_WARN_INFINITE_RECURSION = YES;
				CLANG_WARN_INT_CONVERSION = YES;
				CLANG_WARN_NON_LITERAL_NULL_CONVERSION = YES;
				CLANG_WARN_OBJC_IMPLICIT_RETAIN_SELF = YES;
				CLANG_WARN_OBJC_LITERAL_CONVERSION = YES;
				CLANG_WARN_OBJC_ROOT_CLASS = YES_ERROR;
				CLANG_WARN_QUOTED_INCLUDE_IN_FRAMEWORK_HEADER = YES;
				CLANG_WARN_RANGE_LOOP_ANALYSIS = YES;
				CLANG_WARN_STRICT_PROTOTYPES = YES;
				CLANG_WARN_SUSPICIOUS_MOVE = YES;
				CLANG_WARN_UNGUARDED_AVAILABILITY = YES_AGGRESSIVE;
				CLANG_WARN_UNREACHABLE_CODE = YES;
				CLANG_WARN__DUPLICATE_METHOD_MATCH = YES;
				COPY_PHASE_STRIP = NO;
				DEBUG_INFORMATION_FORMAT = dwarf;
				ENABLE_STRICT_OBJC_MSGSEND = YES;
				ENABLE_TESTABILITY = YES;
				ENABLE_USER_SCRIPT_SANDBOXING = YES;
				GCC_C_LANGUAGE_STANDARD = gnu17;
				GCC_DYNAMIC_NO_PIC = NO;
				GCC_NO_COMMON_BLOCKS = YES;
				GCC_OPTIMIZATION_LEVEL = 0;
				GCC_PREPROCESSOR_DEFINITIONS = (
					"DEBUG=1",
					"$(inherited)",
				);
				GCC_WARN_64_TO_32_BIT_CONVERSION = YES;
				GCC_WARN_ABOUT_RETURN_TYPE = YES_ERROR;
				GCC_WARN_UNDECLARED_SELECTOR = YES;
				GCC_WARN_UNINITIALIZED_AUTOS = YES_AGGRESSIVE;
				GCC_WARN_UNUSED_FUNCTION = YES;
				GCC_WARN_UNUSED_VARIABLE = YES;
				IPHONEOS_DEPLOYMENT_TARGET = 17.5;
				LOCALIZATION_PREFERS_STRING_CATALOGS = YES;
				MTL_ENABLE_DEBUG_INFO = INCLUDE_SOURCE;
				MTL_FAST_MATH = YES;
				ONLY_ACTIVE_ARCH = YES;
				SDKROOT = iphoneos;
				SWIFT_ACTIVE_COMPILATION_CONDITIONS = "DEBUG $(inherited)";
				SWIFT_OPTIMIZATION_LEVEL = "-Onone";
			};
			name = Debug;
		};
		6464D1F82D2E2C5800BA68B5 /* Release */ = {
			isa = XCBuildConfiguration;
			buildSettings = {
				ALWAYS_SEARCH_USER_PATHS = NO;
				ASSETCATALOG_COMPILER_GENERATE_SWIFT_ASSET_SYMBOL_EXTENSIONS = YES;
				CLANG_ANALYZER_NONNULL = YES;
				CLANG_ANALYZER_NUMBER_OBJECT_CONVERSION = YES_AGGRESSIVE;
				CLANG_CXX_LANGUAGE_STANDARD = "gnu++20";
				CLANG_ENABLE_MODULES = YES;
				CLANG_ENABLE_OBJC_ARC = YES;
				CLANG_ENABLE_OBJC_WEAK = YES;
				CLANG_WARN_BLOCK_CAPTURE_AUTORELEASING = YES;
				CLANG_WARN_BOOL_CONVERSION = YES;
				CLANG_WARN_COMMA = YES;
				CLANG_WARN_CONSTANT_CONVERSION = YES;
				CLANG_WARN_DEPRECATED_OBJC_IMPLEMENTATIONS = YES;
				CLANG_WARN_DIRECT_OBJC_ISA_USAGE = YES_ERROR;
				CLANG_WARN_DOCUMENTATION_COMMENTS = YES;
				CLANG_WARN_EMPTY_BODY = YES;
				CLANG_WARN_ENUM_CONVERSION = YES;
				CLANG_WARN_INFINITE_RECURSION = YES;
				CLANG_WARN_INT_CONVERSION = YES;
				CLANG_WARN_NON_LITERAL_NULL_CONVERSION = YES;
				CLANG_WARN_OBJC_IMPLICIT_RETAIN_SELF = YES;
				CLANG_WARN_OBJC_LITERAL_CONVERSION = YES;
				CLANG_WARN_OBJC_ROOT_CLASS = YES_ERROR;
				CLANG_WARN_QUOTED_INCLUDE_IN_FRAMEWORK_HEADER = YES;
				CLANG_WARN_RANGE_LOOP_ANALYSIS = YES;
				CLANG_WARN_STRICT_PROTOTYPES = YES;
				CLANG_WARN_SUSPICIOUS_MOVE = YES;
				CLANG_WARN_UNGUARDED_AVAILABILITY = YES_AGGRESSIVE;
				CLANG_WARN_UNREACHABLE_CODE = YES;
				CLANG_WARN__DUPLICATE_METHOD_MATCH = YES;
				COPY_PHASE_STRIP = NO;
				DEBUG_INFORMATION_FORMAT = "dwarf-with-dsym";
				ENABLE_NS_ASSERTIONS = NO;
				ENABLE_STRICT_OBJC_MSGSEND = YES;
				ENABLE_USER_SCRIPT_SANDBOXING = YES;
				GCC_C_LANGUAGE_STANDARD = gnu17;
				GCC_NO_COMMON_BLOCKS = YES;
				GCC_WARN_64_TO_32_BIT_CONVERSION = YES;
				GCC_WARN_ABOUT_RETURN_TYPE = YES_ERROR;
				GCC_WARN_UNDECLARED_SELECTOR = YES;
				GCC_WARN_UNINITIALIZED_AUTOS = YES_AGGRESSIVE;
				GCC_WARN_UNUSED_FUNCTION = YES;
				GCC_WARN_UNUSED_VARIABLE = YES;
				IPHONEOS_DEPLOYMENT_TARGET = 17.5;
				LOCALIZATION_PREFERS_STRING_CATALOGS = YES;
				MTL_ENABLE_DEBUG_INFO = NO;
				MTL_FAST_MATH = YES;
				SDKROOT = iphoneos;
				SWIFT_COMPILATION_MODE = wholemodule;
				VALIDATE_PRODUCT = YES;
			};
			name = Release;
		};
		6464D1FA2D2E2C5800BA68B5 /* Debug */ = {
			isa = XCBuildConfiguration;
			buildSettings = {
				ASSETCATALOG_COMPILER_APPICON_NAME = AppIcon;
				ASSETCATALOG_COMPILER_GLOBAL_ACCENT_COLOR_NAME = AccentColor;
				CODE_SIGN_STYLE = Automatic;
				CURRENT_PROJECT_VERSION = 1;
				DEVELOPMENT_ASSET_PATHS = "\"FastingApp/Preview Content\"";
				ENABLE_PREVIEWS = YES;
				GENERATE_INFOPLIST_FILE = YES;
				INFOPLIST_KEY_UIApplicationSceneManifest_Generation = YES;
				INFOPLIST_KEY_UIApplicationSupportsIndirectInputEvents = YES;
				INFOPLIST_KEY_UILaunchScreen_Generation = YES;
				INFOPLIST_KEY_UISupportedInterfaceOrientations_iPad = "UIInterfaceOrientationPortrait UIInterfaceOrientationPortraitUpsideDown UIInterfaceOrientationLandscapeLeft UIInterfaceOrientationLandscapeRight";
				INFOPLIST_KEY_UISupportedInterfaceOrientations_iPhone = "UIInterfaceOrientationPortrait UIInterfaceOrientationLandscapeLeft UIInterfaceOrientationLandscapeRight";
				LD_RUNPATH_SEARCH_PATHS = (
					"$(inherited)",
					"@executable_path/Frameworks",
				);
				MARKETING_VERSION = 1.0;
				PRODUCT_BUNDLE_IDENTIFIER = com.muhammed.FastingApp;
				PRODUCT_NAME = "$(TARGET_NAME)";
				SWIFT_EMIT_LOC_STRINGS = YES;
				SWIFT_VERSION = 5.0;
				TARGETED_DEVICE_FAMILY = "1,2";
			};
			name = Debug;
		};
		6464D1FB2D2E2C5800BA68B5 /* Release */ = {
			isa = XCBuildConfiguration;
			buildSettings = {
				ASSETCATALOG_COMPILER_APPICON_NAME = AppIcon;
				ASSETCATALOG_COMPILER_GLOBAL_ACCENT_COLOR_NAME = AccentColor;
				CODE_SIGN_STYLE = Automatic;
				CURRENT_PROJECT_VERSION = 1;
				DEVELOPMENT_ASSET_PATHS = "\"FastingApp/Preview Content\"";
				ENABLE_PREVIEWS = YES;
				GENERATE_INFOPLIST_FILE = YES;
				INFOPLIST_KEY_UIApplicationSceneManifest_Generation = YES;
				INFOPLIST_KEY_UIApplicationSupportsIndirectInputEvents = YES;
				INFOPLIST_KEY_UILaunchScreen_Generation = YES;
				INFOPLIST_KEY_UISupportedInterfaceOrientations_iPad = "UIInterfaceOrientationPortrait UIInterfaceOrientationPortraitUpsideDown UIInterfaceOrientationLandscapeLeft UIInterfaceOrientationLandscapeRight";
				INFOPLIST_KEY_UISupportedInterfaceOrientations_iPhone = "UIInterfaceOrientationPortrait UIInterfaceOrientationLandscapeLeft UIInterfaceOrientationLandscapeRight";
				LD_RUNPATH_SEARCH_PATHS = (
					"$(inherited)",
					"@executable_path/Frameworks",
				);
				MARKETING_VERSION = 1.0;
				PRODUCT_BUNDLE_IDENTIFIER = com.muhammed.FastingApp;
				PRODUCT_NAME = "$(TARGET_NAME)";
				SWIFT_EMIT_LOC_STRINGS = YES;
				SWIFT_VERSION = 5.0;
				TARGETED_DEVICE_FAMILY = "1,2";
			};
			name = Release;
		};
		6464D1FD2D2E2C5800BA68B5 /* Debug */ = {
			isa = XCBuildConfiguration;
			buildSettings = {
				ALWAYS_EMBED_SWIFT_STANDARD_LIBRARIES = YES;
				BUNDLE_LOADER = "$(TEST_HOST)";
				CODE_SIGN_STYLE = Automatic;
				CURRENT_PROJECT_VERSION = 1;
				GENERATE_INFOPLIST_FILE = YES;
				IPHONEOS_DEPLOYMENT_TARGET = 17.5;
				MARKETING_VERSION = 1.0;
				PRODUCT_BUNDLE_IDENTIFIER = com.muhammed.FastingAppTests;
				PRODUCT_NAME = "$(TARGET_NAME)";
				SWIFT_EMIT_LOC_STRINGS = NO;
				SWIFT_VERSION = 5.0;
				TARGETED_DEVICE_FAMILY = "1,2";
				TEST_HOST = "$(BUILT_PRODUCTS_DIR)/FastingApp.app/$(BUNDLE_EXECUTABLE_FOLDER_PATH)/FastingApp";
			};
			name = Debug;
		};
		6464D1FE2D2E2C5800BA68B5 /* Release */ = {
			isa = XCBuildConfiguration;
			buildSettings = {
				ALWAYS_EMBED_SWIFT_STANDARD_LIBRARIES = YES;
				BUNDLE_LOADER = "$(TEST_HOST)";
				CODE_SIGN_STYLE = Automatic;
				CURRENT_PROJECT_VERSION = 1;
				GENERATE_INFOPLIST_FILE = YES;
				IPHONEOS_DEPLOYMENT_TARGET = 17.5;
				MARKETING_VERSION = 1.0;
				PRODUCT_BUNDLE_IDENTIFIER = com.muhammed.FastingAppTests;
				PRODUCT_NAME = "$(TARGET_NAME)";
				SWIFT_EMIT_LOC_STRINGS = NO;
				SWIFT_VERSION = 5.0;
				TARGETED_DEVICE_FAMILY = "1,2";
				TEST_HOST = "$(BUILT_PRODUCTS_DIR)/FastingApp.app/$(BUNDLE_EXECUTABLE_FOLDER_PATH)/FastingApp";
			};
			name = Release;
		};
		6464D2002D2E2C5800BA68B5 /* Debug */ = {
			isa = XCBuildConfiguration;
			buildSettings = {
				ALWAYS_EMBED_SWIFT_STANDARD_LIBRARIES = YES;
				CODE_SIGN_STYLE = Automatic;
				CURRENT_PROJECT_VERSION = 1;
				GENERATE_INFOPLIST_FILE = YES;
				MARKETING_VERSION = 1.0;
				PRODUCT_BUNDLE_IDENTIFIER = com.muhammed.FastingAppUITests;
				PRODUCT_NAME = "$(TARGET_NAME)";
				SWIFT_EMIT_LOC_STRINGS = NO;
				SWIFT_VERSION = 5.0;
				TARGETED_DEVICE_FAMILY = "1,2";
				TEST_TARGET_NAME = FastingApp;
			};
			name = Debug;
		};
		6464D2012D2E2C5800BA68B5 /* Release */ = {
			isa = XCBuildConfiguration;
			buildSettings = {
				ALWAYS_EMBED_SWIFT_STANDARD_LIBRARIES = YES;
				CODE_SIGN_STYLE = Automatic;
				CURRENT_PROJECT_VERSION = 1;
				GENERATE_INFOPLIST_FILE = YES;
				MARKETING_VERSION = 1.0;
				PRODUCT_BUNDLE_IDENTIFIER = com.muhammed.FastingAppUITests;
				PRODUCT_NAME = "$(TARGET_NAME)";
				SWIFT_EMIT_LOC_STRINGS = NO;
				SWIFT_VERSION = 5.0;
				TARGETED_DEVICE_FAMILY = "1,2";
				TEST_TARGET_NAME = FastingApp;
			};
			name = Release;
		};
/* End XCBuildConfiguration section */

/* Begin XCConfigurationList section */
		6464D1D02D2E2C5600BA68B5 /* Build configuration list for PBXProject "FastingApp" */ = {
			isa = XCConfigurationList;
			buildConfigurations = (
				6464D1F72D2E2C5800BA68B5 /* Debug */,
				6464D1F82D2E2C5800BA68B5 /* Release */,
			);
			defaultConfigurationIsVisible = 0;
			defaultConfigurationName = Release;
		};
		6464D1F92D2E2C5800BA68B5 /* Build configuration list for PBXNativeTarget "FastingApp" */ = {
			isa = XCConfigurationList;
			buildConfigurations = (
				6464D1FA2D2E2C5800BA68B5 /* Debug */,
				6464D1FB2D2E2C5800BA68B5 /* Release */,
			);
			defaultConfigurationIsVisible = 0;
			defaultConfigurationName = Release;
		};
		6464D1FC2D2E2C5800BA68B5 /* Build configuration list for PBXNativeTarget "FastingAppTests" */ = {
			isa = XCConfigurationList;
			buildConfigurations = (
				6464D1FD2D2E2C5800BA68B5 /* Debug */,
				6464D1FE2D2E2C5800BA68B5 /* Release */,
			);
			defaultConfigurationIsVisible = 0;
			defaultConfigurationName = Release;
		};
		6464D1FF2D2E2C5800BA68B5 /* Build configuration list for PBXNativeTarget "FastingAppUITests" */ = {
			isa = XCConfigurationList;
			buildConfigurations = (
				6464D2002D2E2C5800BA68B5 /* Debug */,
				6464D2012D2E2C5800BA68B5 /* Release */,
			);
			defaultConfigurationIsVisible = 0;
			defaultConfigurationName = Release;
		};
/* End XCConfigurationList section */
	};
	rootObject = 6464D1CD2D2E2C5600BA68B5 /* Project object */;
}
